# This file was autogenerated by Stack.
# You should not edit this file by hand.
# For more information, please see the documentation at:
#   https://docs.haskellstack.org/en/stable/lock_files

packages:
- completed:
    commit: e6f72eeb16c10f29b6d2438cca6b7d3978ea91f9
    git: https://github.com/typechecker/hcoord.git
    name: hcoord
    pantry-tree:
      sha256: 4dc11890dad9d8bda0aa7eaa6c7e6ba818fd52921a654b5953749445b2f74e8b
      size: 1035
    subdir: hcoord
    version: 1.0.0.0
  original:
    commit: e6f72eeb16c10f29b6d2438cca6b7d3978ea91f9
    git: https://github.com/typechecker/hcoord.git
    subdir: hcoord
- completed:
    commit: e6f72eeb16c10f29b6d2438cca6b7d3978ea91f9
    git: https://github.com/typechecker/hcoord.git
    name: hcoord-utm
    pantry-tree:
      sha256: e3f0d077b75dc64f53e58e6e5c17a302d51701033d1dc50d09f7b174bbbc9213
      size: 644
    subdir: hcoord-utm
    version: 1.0.0.0
  original:
    commit: e6f72eeb16c10f29b6d2438cca6b7d3978ea91f9
    git: https://github.com/typechecker/hcoord.git
    subdir: hcoord-utm
- completed:
    commit: fda33feb0c4ddd95f77a453dd4199ef7be4a3b82
    git: https://github.com/typechecker/facts.git
    name: facts
    pantry-tree:
      sha256: e7d5d9e5327b93540cd9d14ebb7bec5af486d7abf7b3a0f0a7aeaadd0dd3852d
      size: 412
    version: 0.0.2.0
  original:
    commit: fda33feb0c4ddd95f77a453dd4199ef7be4a3b82
    git: https://github.com/typechecker/facts.git
- completed:
    commit: 1c9349233701f896313a9a0cb163d65f8b15bb9d
    git: https://github.com/typechecker/hxt-pickle-utils.git
    name: hxt-pickle-utils
    pantry-tree:
      sha256: fc63e6ef7f2b547b3f442f5dfed31ff112d804ee34b838969bea7c7d766f2b68
      size: 488
    version: 0.1.0.4
  original:
    commit: 1c9349233701f896313a9a0cb163d65f8b15bb9d
    git: https://github.com/typechecker/hxt-pickle-utils.git
- completed:
    hackage: uom-plugin-0.4.0.0@sha256:1530b5c0e86e945ecfe9f07dccfc3952da306adf4876301c3119e61c7eace78a,3542
    pantry-tree:
      sha256: f6d4077fe55308b9e6bcd66750ea05d761353e08fbdb0e01ccb2dc45f3153731
      size: 1749
  original:
    hackage: uom-plugin-0.4.0.0@sha256:1530b5c0e86e945ecfe9f07dccfc3952da306adf4876301c3119e61c7eace78a,3542
- completed:
    hackage: exact-real-0.12.5.1@sha256:258e91c9f0725496b13dff8d8984b3ddf9a6040892e2687779aae8d3cf90e7c8,2427
    pantry-tree:
      sha256: de8d882012188a0a52df2139d6187318f008620b4d7e7d9f82eb2565476a346f
      size: 1598
  original:
    hackage: exact-real-0.12.5.1@sha256:258e91c9f0725496b13dff8d8984b3ddf9a6040892e2687779aae8d3cf90e7c8,2427
- completed:
    hackage: ghc-tcplugin-api-0.8.3.0@sha256:96d95563ea1fdecf10a8fb1f2a53973c37b3b997db95931422cb832591bad7dd,4434
    pantry-tree:
      sha256: 54d42c39a1177dc3413adf87b538f1d614ae40037c072c94cd03982eb2a1b690
      size: 498
  original:
    hackage: ghc-tcplugin-api-0.8.3.0@sha256:96d95563ea1fdecf10a8fb1f2a53973c37b3b997db95931422cb832591bad7dd,4434
- completed:
    hackage: hxt-xpath-9.1.2.2@sha256:9cd590ae93a04573db8f90fa4094625ebd97dded45da7667c577ce6b38a42900,1999
    pantry-tree:
      sha256: aee2f75974e868ff429b8ff349a29667536c60397098f5dfedc968d1951511bb
      size: 2225
  original:
    hackage: hxt-xpath-9.1.2.2@sha256:9cd590ae93a04573db8f90fa4094625ebd97dded45da7667c577ce6b38a42900,1999
- completed:
    hackage: servant-py-0.1.0.4@sha256:4905a1a6bb06c2b399af92f787f722798f4aed329cbbfedd07182a0252f842f2,2774
    pantry-tree:
      sha256: 979f64260a9bbc22890b7e847f2fcca71d764c2295f9a434094b83032b84ae6f
      size: 704
  original:
    hackage: servant-py-0.1.0.4@sha256:4905a1a6bb06c2b399af92f787f722798f4aed329cbbfedd07182a0252f842f2,2774
snapshots:
- completed:
    sha256: c6abdaa1a373ef253607af40aae8a09db18d7563862dafdd5785e8eb9225ddec
    size: 643197
    url: https://raw.githubusercontent.com/commercialhaskell/stackage-snapshots/master/nightly/2022/10/8.yaml
  original: nightly-2022-10-08
