# This file was autogenerated by Stack.
# You should not edit this file by hand.
# For more information, please see the documentation at:
#   https://docs.haskellstack.org/en/stable/lock_files

packages:
- completed:
    commit: c4308efc37c53e266fee348a80fdfbabb18822be
    git: https://github.com/typechecker/exact-real
    name: exact-real
    pantry-tree:
      sha256: 0ed52c60bb0962458d47635c4bc6a3a3fd38f4e28314c907b82b07494dee9ab9
      size: 2115
    version: 0.12.5.1
  original:
    commit: c4308efc37c53e266fee348a80fdfbabb18822be
    git: https://github.com/typechecker/exact-real
- completed:
    commit: fda33feb0c4ddd95f77a453dd4199ef7be4a3b82
    git: https://github.com/typechecker/facts
    name: facts
    pantry-tree:
      sha256: e7d5d9e5327b93540cd9d14ebb7bec5af486d7abf7b3a0f0a7aeaadd0dd3852d
      size: 412
    version: 0.0.2.0
  original:
    commit: fda33feb0c4ddd95f77a453dd4199ef7be4a3b82
    git: https://github.com/typechecker/facts
- completed:
    commit: e6f72eeb16c10f29b6d2438cca6b7d3978ea91f9
    git: https://github.com/typechecker/hcoord
    name: hcoord
    pantry-tree:
      sha256: 4dc11890dad9d8bda0aa7eaa6c7e6ba818fd52921a654b5953749445b2f74e8b
      size: 1035
    subdir: hcoord
    version: 1.0.0.0
  original:
    commit: e6f72eeb16c10f29b6d2438cca6b7d3978ea91f9
    git: https://github.com/typechecker/hcoord
    subdir: hcoord
- completed:
    commit: e6f72eeb16c10f29b6d2438cca6b7d3978ea91f9
    git: https://github.com/typechecker/hcoord
    name: hcoord-utm
    pantry-tree:
      sha256: e3f0d077b75dc64f53e58e6e5c17a302d51701033d1dc50d09f7b174bbbc9213
      size: 644
    subdir: hcoord-utm
    version: 1.0.0.0
  original:
    commit: e6f72eeb16c10f29b6d2438cca6b7d3978ea91f9
    git: https://github.com/typechecker/hcoord
    subdir: hcoord-utm
- completed:
    commit: 1c9349233701f896313a9a0cb163d65f8b15bb9d
    git: https://github.com/typechecker/hxt-pickle-utils
    name: hxt-pickle-utils
    pantry-tree:
      sha256: fc63e6ef7f2b547b3f442f5dfed31ff112d804ee34b838969bea7c7d766f2b68
      size: 488
    version: 0.1.0.4
  original:
    commit: 1c9349233701f896313a9a0cb163d65f8b15bb9d
    git: https://github.com/typechecker/hxt-pickle-utils
- completed:
    hackage: ghc-tcplugin-api-0.8.3.0@sha256:96d95563ea1fdecf10a8fb1f2a53973c37b3b997db95931422cb832591bad7dd,4434
    pantry-tree:
      sha256: 54d42c39a1177dc3413adf87b538f1d614ae40037c072c94cd03982eb2a1b690
      size: 498
  original:
    hackage: ghc-tcplugin-api-0.8.3.0
- completed:
    hackage: hxt-xpath-9.1.2.2@sha256:9cd590ae93a04573db8f90fa4094625ebd97dded45da7667c577ce6b38a42900,1999
    pantry-tree:
      sha256: aee2f75974e868ff429b8ff349a29667536c60397098f5dfedc968d1951511bb
      size: 2225
  original:
    hackage: hxt-xpath-9.1.2.2
- completed:
    hackage: uom-plugin-0.4.0.0@sha256:1530b5c0e86e945ecfe9f07dccfc3952da306adf4876301c3119e61c7eace78a,3542
    pantry-tree:
      sha256: f6d4077fe55308b9e6bcd66750ea05d761353e08fbdb0e01ccb2dc45f3153731
      size: 1749
  original:
    hackage: uom-plugin-0.4.0.0
snapshots:
- completed:
    sha256: a81fb3877c4f9031e1325eb3935122e608d80715dc16b586eb11ddbff8671ecd
    size: 640086
    url: https://raw.githubusercontent.com/commercialhaskell/stackage-snapshots/master/lts/21/25.yaml
  original: lts-21.25
