# This file was autogenerated by Stack.
# You should not edit this file by hand.
# For more information, please see the documentation at:
#   https://docs.haskellstack.org/en/stable/lock_files

packages:
- completed:
    hackage: cabal2nix-2.10.2@sha256:527747a104824cff393cd5505914084623306ea1a7c96c0199e991623b46e247,7863
    pantry-tree:
      size: 60726
      sha256: 9f9c881e17d5080e54271bc0263dbaaa22718a37a6777bd624e28cc7b159b781
  original:
    hackage: cabal2nix-2.10.2
- completed:
    hackage: Cabal-2.2.0.1@sha256:2a80d8fb655474f0eaeb20434c47f64f84e6302e55973056f00df8ca050b9683,20037
    pantry-tree:
      size: 57215
      sha256: 9e8c93a78f85f6adb03283fc7d38e8c95b9dc45ccfa5aaa9f6dede1dcccf2acd
  original:
    hackage: Cabal-2.2.0.1
- completed:
    hackage: distribution-nixpkgs-1.1.1@sha256:5bb5036828f7353f1ff340795bf3be9a33f3847683638d055e03239f018668cf,1515
    pantry-tree:
      size: 597
      sha256: 1ee764c699e73b106e1677cb0bf9d1a886b46e468b8185092b36d31f91f0857f
  original:
    hackage: distribution-nixpkgs-1.1.1
- completed:
    hackage: hackage-db-2.0.1@sha256:ee9819a40e5e8fa1b780a9b6e61bd5889f6dbfc55e0b1ce47e33e4d247133d7c,3003
    pantry-tree:
      size: 901
      sha256: ec9790589466f857687ae4f275c0ec2ef153f1cc6710f33f533c54e71d2e6915
  original:
    hackage: hackage-db-2.0.1
- completed:
    hackage: hpack-0.29.6@sha256:07243f7e627bd9270e7f879b80822ae8a891b65a989afaaff3e8f06756e111e6,4159
    pantry-tree:
      size: 3015
      sha256: 945f31e133154a3c3f9aeb69160fcc3833a6ee0885a91d379d2d84b57e222ea1
  original:
    hackage: hpack-0.29.6
- completed:
    hackage: infer-license-0.2.0@sha256:98dbe0e8d726fd698f9961e69cc69343f37952b4b7428283d0b8dbe3b09f8125,1804
    pantry-tree:
      size: 1291
      sha256: f9005d8279c4180eee1220abd909576043284340944e5e4b7de9baea4cad56cf
  original:
    hackage: infer-license-0.2.0
snapshots:
- completed:
    size: 502348
    url: https://raw.githubusercontent.com/commercialhaskell/stackage-snapshots/master/lts/12/5.yaml
    sha256: 3cb9dcb1e53145c4340978562f6b29d0ce1c35ddd912085cc1b6db94d4e0cdde
  original: lts-12.5
