# This file was autogenerated by Stack.
# You should not edit this file by hand.
# For more information, please see the documentation at:
#   https://docs.haskellstack.org/en/stable/lock_files

packages:
- completed:
    hackage: hxt-xpath-9.1.2.2@sha256:9cd590ae93a04573db8f90fa4094625ebd97dded45da7667c577ce6b38a42900,1999
    pantry-tree:
      size: 2225
      sha256: aee2f75974e868ff429b8ff349a29667536c60397098f5dfedc968d1951511bb
  original:
    hackage: hxt-xpath-9.1.2.2@sha256:9cd590ae93a04573db8f90fa4094625ebd97dded45da7667c577ce6b38a42900,1999
    pantry-tree:
      size: 2225
      sha256: aee2f75974e868ff429b8ff349a29667536c60397098f5dfedc968d1951511bb
- completed:
    hackage: doctest-0.15.0@sha256:b90e16b49bdb3863c394525b229dc6f1be99457ec49fb8831e2706f80389b590,6932
    pantry-tree:
      size: 7980
      sha256: 14af7694cecb5f78ba68d89dd68a1ace80e86de08aad6c1278d922b27e432324
  original:
    hackage: doctest-0.15.0@sha256:b90e16b49bdb3863c394525b229dc6f1be99457ec49fb8831e2706f80389b590,6932
    pantry-tree:
      size: 7980
      sha256: 14af7694cecb5f78ba68d89dd68a1ace80e86de08aad6c1278d922b27e432324
- completed:
    hackage: megaparsec-7.0.4@sha256:890d317e75151a48567900cdbe39d3c44e83918d79a39ce97b9245cab5402d5e,6222
    pantry-tree:
      size: 2647
      sha256: 550e6fd35a8fde17f7fa005e823ee7a23b5415e73c8d5058825832d256ab5609
  original:
    hackage: megaparsec-7.0.4@sha256:890d317e75151a48567900cdbe39d3c44e83918d79a39ce97b9245cab5402d5e,6222
    pantry-tree:
      size: 2647
      sha256: 550e6fd35a8fde17f7fa005e823ee7a23b5415e73c8d5058825832d256ab5609
- completed:
    hackage: parser-combinators-1.0.0@sha256:7374d14cd3b38af0c7f7333049d6af1ccbbe6009deaa66e18701c2194e48f253,1884
    pantry-tree:
      size: 725
      sha256: ea2b83e0b1ddd632012a4ee4d4e87b73038e7be3f9e999a65788d01064bf713a
  original:
    hackage: parser-combinators-1.0.0@sha256:7374d14cd3b38af0c7f7333049d6af1ccbbe6009deaa66e18701c2194e48f253,1884
    pantry-tree:
      size: 725
      sha256: ea2b83e0b1ddd632012a4ee4d4e87b73038e7be3f9e999a65788d01064bf713a
- completed:
    hackage: HUnit-1.5.0.0@sha256:b15caa77f5237546894b53be5549f76cf106b187e6988e681669de67ea94bc82,1600
    pantry-tree:
      size: 878
      sha256: c6d3549f14a2156953f09fa1ea3294a269cdba49085df973f37a441ec773eb5f
  original:
    hackage: HUnit-1.5.0.0@sha256:b15caa77f5237546894b53be5549f76cf106b187e6988e681669de67ea94bc82,1600
    pantry-tree:
      size: 878
      sha256: c6d3549f14a2156953f09fa1ea3294a269cdba49085df973f37a441ec773eb5f
- completed:
    hackage: facts-0.0.1.0@sha256:97fe2f20dd9da98b19d42946d9431d9d45ccc2c8836fdacbdce6d348f7b8660f,1507
    pantry-tree:
      size: 310
      sha256: 66a727d5aa5505bf2a449bb272d00f99dd189aa340ef257fe6e4860381825da5
  original:
    hackage: facts-0.0.1.0@sha256:97fe2f20dd9da98b19d42946d9431d9d45ccc2c8836fdacbdce6d348f7b8660f,1507
    pantry-tree:
      size: 310
      sha256: 66a727d5aa5505bf2a449bb272d00f99dd189aa340ef257fe6e4860381825da5
- completed:
    hackage: memoize-0.8.1@sha256:2146197c639c126796d850cb4457b24cfeb6966d6d878825f855aafce31f8874,1601
    pantry-tree:
      size: 473
      sha256: 598188857937054d2cc4ac91aee580944d750e91120756507891d09e02056066
  original:
    hackage: memoize-0.8.1@sha256:2146197c639c126796d850cb4457b24cfeb6966d6d878825f855aafce31f8874,1601
- completed:
    hackage: servant-py-0.1.1.1@sha256:815f2791443bec2a40821a01da6623154029a8c3cb041dc7845a1b92fd2e9601,2931
    pantry-tree:
      size: 704
      sha256: debf3dffbaa5c93f369514cf8dab3e9c40e5280bc07372ebcf217557e94b2267
  original:
    hackage: servant-py-0.1.1.1@sha256:815f2791443bec2a40821a01da6623154029a8c3cb041dc7845a1b92fd2e9601,2931
- completed:
    hackage: aeson-1.3.1.1@sha256:1ab29743b4c4c9be7df57200ed2c8779048adda4cead075944b7b471e93ed4c3,6006
    pantry-tree:
      size: 39767
      sha256: 51b7dee2a814836224eb735f4c70efd29a8c753ae2465e2de0469fc3be1c2ebd
  original:
    hackage: aeson-1.3.1.1@sha256:1ab29743b4c4c9be7df57200ed2c8779048adda4cead075944b7b471e93ed4c3,6006
snapshots: []
