# This file was autogenerated by Stack.
# You should not edit this file by hand.
# For more information, please see the documentation at:
#   https://docs.haskellstack.org/en/stable/lock_files

packages:
- completed:
    size: 39695
    subdir: uom-plugin
    url: https://github.com/adamgundry/uom-plugin/archive/1ac993808a9b3dae75574c1d5528ae804f39e3e7.tar.gz
    cabal-file:
      size: 2956
      sha256: 8fbd56494e4336bec45f03f815b8f0f69baa8b7e8567961ad8c7b6801b8391de
    name: uom-plugin
    version: 0.3.0.0
    sha256: f26e661e7adf8c87052940ceeb18769fc56285c801f009231933974ca800b65d
    pantry-tree:
      size: 2029
      sha256: 398afa56af1e8af467115be9754ef09a4e6634574b6cb7a7183e4a253f60f245
  original:
    subdir: uom-plugin
    url: https://github.com/adamgundry/uom-plugin/archive/1ac993808a9b3dae75574c1d5528ae804f39e3e7.tar.gz
- completed:
    hackage: hxt-xpath-9.1.2.2@sha256:9cd590ae93a04573db8f90fa4094625ebd97dded45da7667c577ce6b38a42900,1999
    pantry-tree:
      size: 2225
      sha256: aee2f75974e868ff429b8ff349a29667536c60397098f5dfedc968d1951511bb
  original:
    hackage: hxt-xpath-9.1.2.2@sha256:9cd590ae93a04573db8f90fa4094625ebd97dded45da7667c577ce6b38a42900,1999
- completed:
    hackage: units-parser-0.1.1.3@sha256:ad34e7f04771bd367dcd9b7bf5d41c8ac79f813928dc4283a1dff91736505b66,1551
    pantry-tree:
      size: 274
      sha256: 5dd541bc0cedabc752404e917def1f90d24fc66bcf6991a95f7dff31783c6ec9
  original:
    hackage: units-parser-0.1.1.3@sha256:ad34e7f04771bd367dcd9b7bf5d41c8ac79f813928dc4283a1dff91736505b66,1551
snapshots:
- completed:
    size: 491389
    url: https://raw.githubusercontent.com/commercialhaskell/stackage-snapshots/master/lts/15/7.yaml
    sha256: 92ab6303fe20ec928461c82ce0980b4d17c06f4e66205a2967e476474f686c17
  original: lts-15.7
