# This file was autogenerated by Stack.
# You should not edit this file by hand.
# For more information, please see the documentation at:
#   https://docs.haskellstack.org/en/stable/lock_files

packages:
- completed:
    hackage: hpack-dhall-0.5.3@sha256:ccdae7b494dd73a17773d51a655fe85e408c2e39c6b314e26e2f94ca9f9d6a2a,10963
    pantry-tree:
      size: 8462
      sha256: f76c2f7348a156cdd4e4923f5ee485e3372da3e1236daccb63bfe08942586207
  original:
    hackage: hpack-dhall-0.5.3
snapshots:
- completed:
    size: 586286
    url: https://raw.githubusercontent.com/commercialhaskell/stackage-snapshots/master/lts/18/16.yaml
    sha256: cdead65fca0323144b346c94286186f4969bf85594d649c49c7557295675d8a5
  original: lts-18.16
