# This file was autogenerated by Stack.
# You should not edit this file by hand.
# For more information, please see the documentation at:
#   https://docs.haskellstack.org/en/stable/lock_files

packages:
- completed:
    cabal-file:
      size: 2566
      sha256: 2b70722593aeb34782ce591359fc6fd2d4fcb0a24276c8b949c9a8567ae539e6
    name: pier
    version: 0.1.0.0
    git: https://github.com/blockscope/pier.git
    pantry-tree:
      size: 2025
      sha256: 54cd9dde6273e37a268d6d312bb6f3ccc4a7ac124a9a9bc61a21183ccb7bb7e1
    commit: 9ea5b2b689610cc779618bdbf7bb169aae0520c9
  original:
    git: https://github.com/blockscope/pier.git
    commit: 9ea5b2b689610cc779618bdbf7bb169aae0520c9
snapshots:
- completed:
    size: 527836
    url: https://raw.githubusercontent.com/commercialhaskell/stackage-snapshots/master/lts/11/22.yaml
    sha256: 341870ac98d8a9f8f77c4adf2e9e0b22063e264a7fbeb4c85b7af5f380dac60e
  original: lts-11.22
